// !$*UTF8*$!
{
	archiveVersion = 1;
	classes = {
	};
	objectVersion = 46;
	objects = {

/* Begin PBXBuildFile section */
		670413821F049C84005BDF55 /* main.m in Sources */ = {isa = PBXBuildFile; fileRef = 670413811F049C84005BDF55 /* main.m */; };
		670413851F049C84005BDF55 /* AppDelegate.m in Sources */ = {isa = PBXBuildFile; fileRef = 670413841F049C84005BDF55 /* AppDelegate.m */; };
		6704138B1F049C84005BDF55 /* Main.storyboard in Resources */ = {isa = PBXBuildFile; fileRef = 670413891F049C84005BDF55 /* Main.storyboard */; };
		6704138D1F049C84005BDF55 /* Assets.xcassets in Resources */ = {isa = PBXBuildFile; fileRef = 6704138C1F049C84005BDF55 /* Assets.xcassets */; };
		670413901F049C84005BDF55 /* LaunchScreen.storyboard in Resources */ = {isa = PBXBuildFile; fileRef = 6704138E1F049C84005BDF55 /* LaunchScreen.storyboard */; };
/* End PBXBuildFile section */

/* Begin PBXFileReference section */
		6704137D1F049C84005BDF55 /* MRBaseController.app */ = {isa = PBXFileReference; explicitFileType = wrapper.application; includeInIndex = 0; path = MRBaseController.app; sourceTree = BUILT_PRODUCTS_DIR; };
		670413811F049C84005BDF55 /* main.m */ = {isa = PBXFileReference; lastKnownFileType = sourcecode.c.objc; path = main.m; sourceTree = "<group>"; };
		670413831F049C84005BDF55 /* AppDelegate.h */ = {isa = PBXFileReference; lastKnownFileType = sourcecode.c.h; path = AppDelegate.h; sourceTree = "<group>"; };
		670413841F049C84005BDF55 /* AppDelegate.m */ = {isa = PBXFileReference; lastKnownFileType = sourcecode.c.objc; path = AppDelegate.m; sourceTree = "<group>"; };
		6704138A1F049C84005BDF55 /* Base */ = {isa = PBXFileReference; lastKnownFileType = file.storyboard; name = Base; path = Base.lproj/Main.storyboard; sourceTree = "<group>"; };
		6704138C1F049C84005BDF55 /* Assets.xcassets */ = {isa = PBXFileReference; lastKnownFileType = folder.assetcatalog; path = Assets.xcassets; sourceTree = "<group>"; };
		6704138F1F049C84005BDF55 /* Base */ = {isa = PBXFileReference; lastKnownFileType = file.storyboard; name = Base; path = Base.lproj/LaunchScreen.storyboard; sourceTree = "<group>"; };
		670413911F049C84005BDF55 /* Info.plist */ = {isa = PBXFileReference; lastKnownFileType = text.plist.xml; path = Info.plist; sourceTree = "<group>"; };
/* End PBXFileReference section */

/* Begin PBXFrameworksBuildPhase section */
		6704137A1F049C84005BDF55 /* Frameworks */ = {
			isa = PBXFrameworksBuildPhase;
			buildActionMask = 2147483647;
			files = (
			);
			runOnlyForDeploymentPostprocessing = 0;
		};
/* End PBXFrameworksBuildPhase section */

/* Begin PBXGroup section */
		670413741F049C84005BDF55 = {
			isa = PBXGroup;
			children = (
				670413971F049DD3005BDF55 /* Classes */,
				6704137F1F049C84005BDF55 /* MRBaseController */,
				6704137E1F049C84005BDF55 /* Products */,
			);
			sourceTree = "<group>";
		};
		6704137E1F049C84005BDF55 /* Products */ = {
			isa = PBXGroup;
			children = (
				6704137D1F049C84005BDF55 /* MRBaseController.app */,
			);
			name = Products;
			sourceTree = "<group>";
		};
		6704137F1F049C84005BDF55 /* MRBaseController */ = {
			isa = PBXGroup;
			children = (
				670413831F049C84005BDF55 /* AppDelegate.h */,
				670413841F049C84005BDF55 /* AppDelegate.m */,
				670413891F049C84005BDF55 /* Main.storyboard */,
				6704138C1F049C84005BDF55 /* Assets.xcassets */,
				6704138E1F049C84005BDF55 /* LaunchScreen.storyboard */,
				670413911F049C84005BDF55 /* Info.plist */,
				670413801F049C84005BDF55 /* Supporting Files */,
			);
			path = MRBaseController;
			sourceTree = "<group>";
		};
		670413801F049C84005BDF55 /* Supporting Files */ = {
			isa = PBXGroup;
			children = (
				670413811F049C84005BDF55 /* main.m */,
			);
			name = "Supporting Files";
			sourceTree = "<group>";
		};
		670413971F049DD3005BDF55 /* Classes */ = {
			isa = PBXGroup;
			children = (
			);
			path = Classes;
			sourceTree = "<group>";
		};
/* End PBXGroup section */

/* Begin PBXNativeTarget section */
		6704137C1F049C84005BDF55 /* MRBaseController */ = {
			isa = PBXNativeTarget;
			buildConfigurationList = 670413941F049C84005BDF55 /* Build configuration list for PBXNativeTarget "MRBaseController" */;
			buildPhases = (
				670413791F049C84005BDF55 /* Sources */,
				6704137A1F049C84005BDF55 /* Frameworks */,
				6704137B1F049C84005BDF55 /* Resources */,
			);
			buildRules = (
			);
			dependencies = (
			);
			name = MRBaseController;
			productName = MRBaseController;
			productReference = 6704137D1F049C84005BDF55 /* MRBaseController.app */;
			productType = "com.apple.product-type.application";
		};
/* End PBXNativeTarget section */

/* Begin PBXProject section */
		670413751F049C84005BDF55 /* Project object */ = {
			isa = PBXProject;
			attributes = {
				LastUpgradeCheck = 0830;
				ORGANIZATIONNAME = MrXir;
				TargetAttributes = {
					6704137C1F049C84005BDF55 = {
						CreatedOnToolsVersion = 8.3.2;
						DevelopmentTeam = 4HXKSPK349;
						ProvisioningStyle = Automatic;
					};
				};
			};
			buildConfigurationList = 670413781F049C84005BDF55 /* Build configuration list for PBXProject "MRBaseController" */;
			compatibilityVersion = "Xcode 3.2";
			developmentRegion = English;
			hasScannedForEncodings = 0;
			knownRegions = (
				en,
				Base,
			);
			mainGroup = 670413741F049C84005BDF55;
			productRefGroup = 6704137E1F049C84005BDF55 /* Products */;
			projectDirPath = "";
			projectRoot = "";
			targets = (
				6704137C1F049C84005BDF55 /* MRBaseController */,
			);
		};
/* End PBXProject section */

/* Begin PBXResourcesBuildPhase section */
		6704137B1F049C84005BDF55 /* Resources */ = {
			isa = PBXResourcesBuildPhase;
			buildActionMask = 2147483647;
			files = (
				670413901F049C84005BDF55 /* LaunchScreen.storyboard in Resources */,
				6704138D1F049C84005BDF55 /* Assets.xcassets in Resources */,
				6704138B1F049C84005BDF55 /* Main.storyboard in Resources */,
			);
			runOnlyForDeploymentPostprocessing = 0;
		};
/* End PBXResourcesBuildPhase section */

/* Begin PBXSourcesBuildPhase section */
		670413791F049C84005BDF55 /* Sources */ = {
			isa = PBXSourcesBuildPhase;
			buildActionMask = 2147483647;
			files = (
				670413851F049C84005BDF55 /* AppDelegate.m in Sources */,
				670413821F049C84005BDF55 /* main.m in Sources */,
			);
			runOnlyForDeploymentPostprocessing = 0;
		};
/* End PBXSourcesBuildPhase section */

/* Begin PBXVariantGroup section */
		670413891F049C84005BDF55 /* Main.storyboard */ = {
			isa = PBXVariantGroup;
			children = (
				6704138A1F049C84005BDF55 /* Base */,
			);
			name = Main.storyboard;
			sourceTree = "<group>";
		};
		6704138E1F049C84005BDF55 /* LaunchScreen.storyboard */ = {
			isa = PBXVariantGroup;
			children = (
				6704138F1F049C84005BDF55 /* Base */,
			);
			name = LaunchScreen.storyboard;
			sourceTree = "<group>";
		};
/* End PBXVariantGroup section */

/* Begin XCBuildConfiguration section */
		670413921F049C84005BDF55 /* Debug */ = {
			isa = XCBuildConfiguration;
			buildSettings = {
				ALWAYS_SEARCH_USER_PATHS = NO;
				CLANG_ANALYZER_NONNULL = YES;
				CLANG_ANALYZER_NUMBER_OBJECT_CONVERSION = YES_AGGRESSIVE;
				CLANG_CXX_LANGUAGE_STANDARD = "gnu++0x";
				CLANG_CXX_LIBRARY = "libc++";
				CLANG_ENABLE_MODULES = YES;
				CLANG_ENABLE_OBJC_ARC = YES;
				CLANG_WARN_BOOL_CONVERSION = YES;
				CLANG_WARN_CONSTANT_CONVERSION = YES;
				CLANG_WARN_DIRECT_OBJC_ISA_USAGE = YES_ERROR;
				CLANG_WARN_DOCUMENTATION_COMMENTS = YES;
				CLANG_WARN_EMPTY_BODY = YES;
				CLANG_WARN_ENUM_CONVERSION = YES;
				CLANG_WARN_INFINITE_RECURSION = YES;
				CLANG_WARN_INT_CONVERSION = YES;
				CLANG_WARN_OBJC_ROOT_CLASS = YES_ERROR;
				CLANG_WARN_SUSPICIOUS_MOVE = YES;
				CLANG_WARN_UNREACHABLE_CODE = YES;
				CLANG_WARN__DUPLICATE_METHOD_MATCH = YES;
				"CODE_SIGN_IDENTITY[sdk=iphoneos*]" = "iPhone Developer";
				COPY_PHASE_STRIP = NO;
				DEBUG_INFORMATION_FORMAT = dwarf;
				ENABLE_STRICT_OBJC_MSGSEND = YES;
				ENABLE_TESTABILITY = YES;
				GCC_C_LANGUAGE_STANDARD = gnu99;
				GCC_DYNAMIC_NO_PIC = NO;
				GCC_NO_COMMON_BLOCKS = YES;
				GCC_OPTIMIZATION_LEVEL = 0;
				GCC_PREPROCESSOR_DEFINITIONS = (
					"DEBUG=1",
					"$(inherited)",
				);
				GCC_WARN_64_TO_32_BIT_CONVERSION = YES;
				GCC_WARN_ABOUT_RETURN_TYPE = YES_ERROR;
				GCC_WARN_UNDECLARED_SELECTOR = YES;
				GCC_WARN_UNINITIALIZED_AUTOS = YES_AGGRESSIVE;
				GCC_WARN_UNUSED_FUNCTION = YES;
				GCC_WARN_UNUSED_VARIABLE = YES;
				IPHONEOS_DEPLOYMENT_TARGET = 10.3;
				MTL_ENABLE_DEBUG_INFO = YES;
				ONLY_ACTIVE_ARCH = YES;
				SDKROOT = iphoneos;
			};
			name = Debug;
		};
		670413931F049C84005BDF55 /* Release */ = {
			isa = XCBuildConfiguration;
			buildSettings = {
				ALWAYS_SEARCH_USER_PATHS = NO;
				CLANG_ANALYZER_NONNULL = YES;
				CLANG_ANALYZER_NUMBER_OBJECT_CONVERSION = YES_AGGRESSIVE;
				CLANG_CXX_LANGUAGE_STANDARD = "gnu++0x";
				CLANG_CXX_LIBRARY = "libc++";
				CLANG_ENABLE_MODULES = YES;
				CLANG_ENABLE_OBJC_ARC = YES;
				CLANG_WARN_BOOL_CONVERSION = YES;
				CLANG_WARN_CONSTANT_CONVERSION = YES;
				CLANG_WARN_DIRECT_OBJC_ISA_USAGE = YES_ERROR;
				CLANG_WARN_DOCUMENTATION_COMMENTS = YES;
				CLANG_WARN_EMPTY_BODY = YES;
				CLANG_WARN_ENUM_CONVERSION = YES;
				CLANG_WARN_INFINITE_RECURSION = YES;
				CLANG_WARN_INT_CONVERSION = YES;
				CLANG_WARN_OBJC_ROOT_CLASS = YES_ERROR;
				CLANG_WARN_SUSPICIOUS_MOVE = YES;
				CLANG_WARN_UNREACHABLE_CODE = YES;
				CLANG_WARN__DUPLICATE_METHOD_MATCH = YES;
				"CODE_SIGN_IDENTITY[sdk=iphoneos*]" = "iPhone Developer";
				COPY_PHASE_STRIP = NO;
				DEBUG_INFORMATION_FORMAT = "dwarf-with-dsym";
				ENABLE_NS_ASSERTIONS = NO;
				ENABLE_STRICT_OBJC_MSGSEND = YES;
				GCC_C_LANGUAGE_STANDARD = gnu99;
				GCC_NO_COMMON_BLOCKS = YES;
				GCC_WARN_64_TO_32_BIT_CONVERSION = YES;
				GCC_WARN_ABOUT_RETURN_TYPE = YES_ERROR;
				GCC_WARN_UNDECLARED_SELECTOR = YES;
				GCC_WARN_UNINITIALIZED_AUTOS = YES_AGGRESSIVE;
				GCC_WARN_UNUSED_FUNCTION = YES;
				GCC_WARN_UNUSED_VARIABLE = YES;
				IPHONEOS_DEPLOYMENT_TARGET = 10.3;
				MTL_ENABLE_DEBUG_INFO = NO;
				SDKROOT = iphoneos;
				VALIDATE_PRODUCT = YES;
			};
			name = Release;
		};
		670413951F049C84005BDF55 /* Debug */ = {
			isa = XCBuildConfiguration;
			buildSettings = {
				ASSETCATALOG_COMPILER_APPICON_NAME = AppIcon;
				DEVELOPMENT_TEAM = 4HXKSPK349;
				INFOPLIST_FILE = MRBaseController/Info.plist;
				IPHONEOS_DEPLOYMENT_TARGET = 8.0;
				LD_RUNPATH_SEARCH_PATHS = "$(inherited) @executable_path/Frameworks";
				PRODUCT_BUNDLE_IDENTIFIER = com.mrxir.MRBaseController;
				PRODUCT_NAME = "$(TARGET_NAME)";
			};
			name = Debug;
		};
		670413961F049C84005BDF55 /* Release */ = {
			isa = XCBuildConfiguration;
			buildSettings = {
				ASSETCATALOG_COMPILER_APPICON_NAME = AppIcon;
				DEVELOPMENT_TEAM = 4HXKSPK349;
				INFOPLIST_FILE = MRBaseController/Info.plist;
				IPHONEOS_DEPLOYMENT_TARGET = 8.0;
				LD_RUNPATH_SEARCH_PATHS = "$(inherited) @executable_path/Frameworks";
				PRODUCT_BUNDLE_IDENTIFIER = com.mrxir.MRBaseController;
				PRODUCT_NAME = "$(TARGET_NAME)";
			};
			name = Release;
		};
/* End XCBuildConfiguration section */

/* Begin XCConfigurationList section */
		670413781F049C84005BDF55 /* Build configuration list for PBXProject "MRBaseController" */ = {
			isa = XCConfigurationList;
			buildConfigurations = (
				670413921F049C84005BDF55 /* Debug */,
				670413931F049C84005BDF55 /* Release */,
			);
			defaultConfigurationIsVisible = 0;
			defaultConfigurationName = Release;
		};
		670413941F049C84005BDF55 /* Build configuration list for PBXNativeTarget "MRBaseController" */ = {
			isa = XCConfigurationList;
			buildConfigurations = (
				670413951F049C84005BDF55 /* Debug */,
				670413961F049C84005BDF55 /* Release */,
			);
			defaultConfigurationIsVisible = 0;
		};
/* End XCConfigurationList section */
	};
	rootObject = 670413751F049C84005BDF55 /* Project object */;
}
