// !$*UTF8*$!
{
	archiveVersion = 1;
	classes = {
	};
	objectVersion = 46;
	objects = {

/* Begin PBXBuildFile section */
		670413821F049C84005BDF55 /* main.m in Sources */ = {isa = PBXBuildFile; fileRef = 670413811F049C84005BDF55 /* main.m */; };
		670413851F049C84005BDF55 /* AppDelegate.m in Sources */ = {isa = PBXBuildFile; fileRef = 670413841F049C84005BDF55 /* AppDelegate.m */; };
		6704138B1F049C84005BDF55 /* Main.storyboard in Resources */ = {isa = PBXBuildFile; fileRef = 670413891F049C84005BDF55 /* Main.storyboard */; };
		6704138D1F049C84005BDF55 /* Assets.xcassets in Resources */ = {isa = PBXBuildFile; fileRef = 6704138C1F049C84005BDF55 /* Assets.xcassets */; };
		670413901F049C84005BDF55 /* LaunchScreen.storyboard in Resources */ = {isa = PBXBuildFile; fileRef = 6704138E1F049C84005BDF55 /* LaunchScreen.storyboard */; };
		6704139B1F049EEF005BDF55 /* MRBaseViewController.m in Sources */ = {isa = PBXBuildFile; fileRef = 6704139A1F049EEF005BDF55 /* MRBaseViewController.m */; };
		677576981F13767B00715F6B /* MRBaseNavigationController.m in Sources */ = {isa = PBXBuildFile; fileRef = 677576971F13767B00715F6B /* MRBaseNavigationController.m */; };
		6775769B1F1376AB00715F6B /* MRBaseTabBarController.m in Sources */ = {isa = PBXBuildFile; fileRef = 6775769A1F1376AB00715F6B /* MRBaseTabBarController.m */; };
		677576A11F137A7F00715F6B /* RootViewController.m in Sources */ = {isa = PBXBuildFile; fileRef = 677576A01F137A7F00715F6B /* RootViewController.m */; };
		677576A31F137B2200715F6B /* MRBaseController.podspec in Resources */ = {isa = PBXBuildFile; fileRef = 677576A21F137B2200715F6B /* MRBaseController.podspec */; };
		677576A51F1380C300715F6B /* Home.storyboard in Resources */ = {isa = PBXBuildFile; fileRef = 677576A41F1380C300715F6B /* Home.storyboard */; };
		677576A71F1380CC00715F6B /* Setting.storyboard in Resources */ = {isa = PBXBuildFile; fileRef = 677576A61F1380CC00715F6B /* Setting.storyboard */; };
		677576AA1F1380FF00715F6B /* HomeViewController.m in Sources */ = {isa = PBXBuildFile; fileRef = 677576A91F1380FF00715F6B /* HomeViewController.m */; };
		677576AD1F13BCE400715F6B /* SettingViewController.m in Sources */ = {isa = PBXBuildFile; fileRef = 677576AC1F13BCE400715F6B /* SettingViewController.m */; };
		677576B21F13C70700715F6B /* MRBaseController.m in Sources */ = {isa = PBXBuildFile; fileRef = 677576B11F13C70700715F6B /* MRBaseController.m */; };
		677576B51F13D1F700715F6B /* MySettingViewController.m in Sources */ = {isa = PBXBuildFile; fileRef = 677576B41F13D1F700715F6B /* MySettingViewController.m */; };
		677576B71F13E34800715F6B /* MapKit.framework in Frameworks */ = {isa = PBXBuildFile; fileRef = 677576B61F13E34800715F6B /* MapKit.framework */; };
		677576BA1F13E5A300715F6B /* AboutUsViewController.m in Sources */ = {isa = PBXBuildFile; fileRef = 677576B91F13E5A300715F6B /* AboutUsViewController.m */; };
		677576BD1F13E7A200715F6B /* SearchViewController.m in Sources */ = {isa = PBXBuildFile; fileRef = 677576BC1F13E7A200715F6B /* SearchViewController.m */; };
		E6B589D3BDFE0AC537D639F9 /* libPods-MRBaseController.a in Frameworks */ = {isa = PBXBuildFile; fileRef = 241FDD12BB9239436B60CC1A /* libPods-MRBaseController.a */; };
/* End PBXBuildFile section */

/* Begin PBXFileReference section */
		241FDD12BB9239436B60CC1A /* libPods-MRBaseController.a */ = {isa = PBXFileReference; explicitFileType = archive.ar; includeInIndex = 0; path = "libPods-MRBaseController.a"; sourceTree = BUILT_PRODUCTS_DIR; };
		3C26B4C360C474225641A1CF /* Pods-MRBaseController.debug.xcconfig */ = {isa = PBXFileReference; includeInIndex = 1; lastKnownFileType = text.xcconfig; name = "Pods-MRBaseController.debug.xcconfig"; path = "Pods/Target Support Files/Pods-MRBaseController/Pods-MRBaseController.debug.xcconfig"; sourceTree = "<group>"; };
		6704137D1F049C84005BDF55 /* MRBaseController.app */ = {isa = PBXFileReference; explicitFileType = wrapper.application; includeInIndex = 0; path = MRBaseController.app; sourceTree = BUILT_PRODUCTS_DIR; };
		670413811F049C84005BDF55 /* main.m */ = {isa = PBXFileReference; lastKnownFileType = sourcecode.c.objc; path = main.m; sourceTree = "<group>"; };
		670413831F049C84005BDF55 /* AppDelegate.h */ = {isa = PBXFileReference; lastKnownFileType = sourcecode.c.h; path = AppDelegate.h; sourceTree = "<group>"; };
		670413841F049C84005BDF55 /* AppDelegate.m */ = {isa = PBXFileReference; lastKnownFileType = sourcecode.c.objc; path = AppDelegate.m; sourceTree = "<group>"; };
		6704138A1F049C84005BDF55 /* Base */ = {isa = PBXFileReference; lastKnownFileType = file.storyboard; name = Base; path = Base.lproj/Main.storyboard; sourceTree = "<group>"; };
		6704138C1F049C84005BDF55 /* Assets.xcassets */ = {isa = PBXFileReference; lastKnownFileType = folder.assetcatalog; path = Assets.xcassets; sourceTree = "<group>"; };
		6704138F1F049C84005BDF55 /* Base */ = {isa = PBXFileReference; lastKnownFileType = file.storyboard; name = Base; path = Base.lproj/LaunchScreen.storyboard; sourceTree = "<group>"; };
		670413911F049C84005BDF55 /* Info.plist */ = {isa = PBXFileReference; lastKnownFileType = text.plist.xml; path = Info.plist; sourceTree = "<group>"; };
		670413991F049EEF005BDF55 /* MRBaseViewController.h */ = {isa = PBXFileReference; fileEncoding = 4; lastKnownFileType = sourcecode.c.h; path = MRBaseViewController.h; sourceTree = "<group>"; };
		6704139A1F049EEF005BDF55 /* MRBaseViewController.m */ = {isa = PBXFileReference; fileEncoding = 4; lastKnownFileType = sourcecode.c.objc; path = MRBaseViewController.m; sourceTree = "<group>"; };
		677576961F13767B00715F6B /* MRBaseNavigationController.h */ = {isa = PBXFileReference; fileEncoding = 4; lastKnownFileType = sourcecode.c.h; path = MRBaseNavigationController.h; sourceTree = "<group>"; };
		677576971F13767B00715F6B /* MRBaseNavigationController.m */ = {isa = PBXFileReference; fileEncoding = 4; lastKnownFileType = sourcecode.c.objc; path = MRBaseNavigationController.m; sourceTree = "<group>"; };
		677576991F1376AB00715F6B /* MRBaseTabBarController.h */ = {isa = PBXFileReference; fileEncoding = 4; lastKnownFileType = sourcecode.c.h; path = MRBaseTabBarController.h; sourceTree = "<group>"; };
		6775769A1F1376AB00715F6B /* MRBaseTabBarController.m */ = {isa = PBXFileReference; fileEncoding = 4; lastKnownFileType = sourcecode.c.objc; path = MRBaseTabBarController.m; sourceTree = "<group>"; };
		6775769F1F137A7F00715F6B /* RootViewController.h */ = {isa = PBXFileReference; fileEncoding = 4; lastKnownFileType = sourcecode.c.h; path = RootViewController.h; sourceTree = "<group>"; };
		677576A01F137A7F00715F6B /* RootViewController.m */ = {isa = PBXFileReference; fileEncoding = 4; lastKnownFileType = sourcecode.c.objc; path = RootViewController.m; sourceTree = "<group>"; };
		677576A21F137B2200715F6B /* MRBaseController.podspec */ = {isa = PBXFileReference; fileEncoding = 4; lastKnownFileType = text; path = MRBaseController.podspec; sourceTree = "<group>"; };
		677576A41F1380C300715F6B /* Home.storyboard */ = {isa = PBXFileReference; fileEncoding = 4; lastKnownFileType = file.storyboard; path = Home.storyboard; sourceTree = "<group>"; };
		677576A61F1380CC00715F6B /* Setting.storyboard */ = {isa = PBXFileReference; fileEncoding = 4; lastKnownFileType = file.storyboard; path = Setting.storyboard; sourceTree = "<group>"; };
		677576A81F1380FF00715F6B /* HomeViewController.h */ = {isa = PBXFileReference; fileEncoding = 4; lastKnownFileType = sourcecode.c.h; path = HomeViewController.h; sourceTree = "<group>"; };
		677576A91F1380FF00715F6B /* HomeViewController.m */ = {isa = PBXFileReference; fileEncoding = 4; lastKnownFileType = sourcecode.c.objc; path = HomeViewController.m; sourceTree = "<group>"; };
		677576AB1F13BCE400715F6B /* SettingViewController.h */ = {isa = PBXFileReference; fileEncoding = 4; lastKnownFileType = sourcecode.c.h; path = SettingViewController.h; sourceTree = "<group>"; };
		677576AC1F13BCE400715F6B /* SettingViewController.m */ = {isa = PBXFileReference; fileEncoding = 4; lastKnownFileType = sourcecode.c.objc; path = SettingViewController.m; sourceTree = "<group>"; };
		677576B01F13C70700715F6B /* MRBaseController.h */ = {isa = PBXFileReference; fileEncoding = 4; lastKnownFileType = sourcecode.c.h; path = MRBaseController.h; sourceTree = "<group>"; };
		677576B11F13C70700715F6B /* MRBaseController.m */ = {isa = PBXFileReference; fileEncoding = 4; lastKnownFileType = sourcecode.c.objc; path = MRBaseController.m; sourceTree = "<group>"; };
		677576B31F13D1F700715F6B /* MySettingViewController.h */ = {isa = PBXFileReference; fileEncoding = 4; lastKnownFileType = sourcecode.c.h; path = MySettingViewController.h; sourceTree = "<group>"; };
		677576B41F13D1F700715F6B /* MySettingViewController.m */ = {isa = PBXFileReference; fileEncoding = 4; lastKnownFileType = sourcecode.c.objc; path = MySettingViewController.m; sourceTree = "<group>"; };
		677576B61F13E34800715F6B /* MapKit.framework */ = {isa = PBXFileReference; lastKnownFileType = wrapper.framework; name = MapKit.framework; path = System/Library/Frameworks/MapKit.framework; sourceTree = SDKROOT; };
		677576B81F13E5A300715F6B /* AboutUsViewController.h */ = {isa = PBXFileReference; fileEncoding = 4; lastKnownFileType = sourcecode.c.h; path = AboutUsViewController.h; sourceTree = "<group>"; };
		677576B91F13E5A300715F6B /* AboutUsViewController.m */ = {isa = PBXFileReference; fileEncoding = 4; lastKnownFileType = sourcecode.c.objc; path = AboutUsViewController.m; sourceTree = "<group>"; };
		677576BB1F13E7A200715F6B /* SearchViewController.h */ = {isa = PBXFileReference; fileEncoding = 4; lastKnownFileType = sourcecode.c.h; path = SearchViewController.h; sourceTree = "<group>"; };
		677576BC1F13E7A200715F6B /* SearchViewController.m */ = {isa = PBXFileReference; fileEncoding = 4; lastKnownFileType = sourcecode.c.objc; path = SearchViewController.m; sourceTree = "<group>"; };
		CD3743F8CD07F334FF73E839 /* Pods-MRBaseController.release.xcconfig */ = {isa = PBXFileReference; includeInIndex = 1; lastKnownFileType = text.xcconfig; name = "Pods-MRBaseController.release.xcconfig"; path = "Pods/Target Support Files/Pods-MRBaseController/Pods-MRBaseController.release.xcconfig"; sourceTree = "<group>"; };
/* End PBXFileReference section */

/* Begin PBXFrameworksBuildPhase section */
		6704137A1F049C84005BDF55 /* Frameworks */ = {
			isa = PBXFrameworksBuildPhase;
			buildActionMask = 2147483647;
			files = (
				677576B71F13E34800715F6B /* MapKit.framework in Frameworks */,
				E6B589D3BDFE0AC537D639F9 /* libPods-MRBaseController.a in Frameworks */,
			);
			runOnlyForDeploymentPostprocessing = 0;
		};
/* End PBXFrameworksBuildPhase section */

/* Begin PBXGroup section */
		670413741F049C84005BDF55 = {
			isa = PBXGroup;
			children = (
				677576A21F137B2200715F6B /* MRBaseController.podspec */,
				670413971F049DD3005BDF55 /* Classes */,
				6704137F1F049C84005BDF55 /* MRBaseController */,
				6704137E1F049C84005BDF55 /* Products */,
				B01F2850B41E36038F90A0F2 /* Pods */,
				B2F7311CDA02568287365BD5 /* Frameworks */,
			);
			sourceTree = "<group>";
		};
		6704137E1F049C84005BDF55 /* Products */ = {
			isa = PBXGroup;
			children = (
				6704137D1F049C84005BDF55 /* MRBaseController.app */,
			);
			name = Products;
			sourceTree = "<group>";
		};
		6704137F1F049C84005BDF55 /* MRBaseController */ = {
			isa = PBXGroup;
			children = (
				670413831F049C84005BDF55 /* AppDelegate.h */,
				670413841F049C84005BDF55 /* AppDelegate.m */,
				6775769F1F137A7F00715F6B /* RootViewController.h */,
				677576A01F137A7F00715F6B /* RootViewController.m */,
				677576A81F1380FF00715F6B /* HomeViewController.h */,
				677576A91F1380FF00715F6B /* HomeViewController.m */,
				677576AB1F13BCE400715F6B /* SettingViewController.h */,
				677576AC1F13BCE400715F6B /* SettingViewController.m */,
				677576B31F13D1F700715F6B /* MySettingViewController.h */,
				677576B41F13D1F700715F6B /* MySettingViewController.m */,
				677576B81F13E5A300715F6B /* AboutUsViewController.h */,
				677576B91F13E5A300715F6B /* AboutUsViewController.m */,
				677576BB1F13E7A200715F6B /* SearchViewController.h */,
				677576BC1F13E7A200715F6B /* SearchViewController.m */,
				670413891F049C84005BDF55 /* Main.storyboard */,
				677576A41F1380C300715F6B /* Home.storyboard */,
				677576A61F1380CC00715F6B /* Setting.storyboard */,
				6704138C1F049C84005BDF55 /* Assets.xcassets */,
				6704138E1F049C84005BDF55 /* LaunchScreen.storyboard */,
				670413911F049C84005BDF55 /* Info.plist */,
				670413801F049C84005BDF55 /* Supporting Files */,
			);
			path = MRBaseController;
			sourceTree = "<group>";
		};
		670413801F049C84005BDF55 /* Supporting Files */ = {
			isa = PBXGroup;
			children = (
				670413811F049C84005BDF55 /* main.m */,
			);
			name = "Supporting Files";
			sourceTree = "<group>";
		};
		670413971F049DD3005BDF55 /* Classes */ = {
			isa = PBXGroup;
			children = (
				677576B01F13C70700715F6B /* MRBaseController.h */,
				677576B11F13C70700715F6B /* MRBaseController.m */,
				677576991F1376AB00715F6B /* MRBaseTabBarController.h */,
				6775769A1F1376AB00715F6B /* MRBaseTabBarController.m */,
				677576961F13767B00715F6B /* MRBaseNavigationController.h */,
				677576971F13767B00715F6B /* MRBaseNavigationController.m */,
				670413991F049EEF005BDF55 /* MRBaseViewController.h */,
				6704139A1F049EEF005BDF55 /* MRBaseViewController.m */,
			);
			path = Classes;
			sourceTree = "<group>";
		};
		B01F2850B41E36038F90A0F2 /* Pods */ = {
			isa = PBXGroup;
			children = (
				3C26B4C360C474225641A1CF /* Pods-MRBaseController.debug.xcconfig */,
				CD3743F8CD07F334FF73E839 /* Pods-MRBaseController.release.xcconfig */,
			);
			name = Pods;
			sourceTree = "<group>";
		};
		B2F7311CDA02568287365BD5 /* Frameworks */ = {
			isa = PBXGroup;
			children = (
				677576B61F13E34800715F6B /* MapKit.framework */,
				241FDD12BB9239436B60CC1A /* libPods-MRBaseController.a */,
			);
			name = Frameworks;
			sourceTree = "<group>";
		};
/* End PBXGroup section */

/* Begin PBXNativeTarget section */
		6704137C1F049C84005BDF55 /* MRBaseController */ = {
			isa = PBXNativeTarget;
			buildConfigurationList = 670413941F049C84005BDF55 /* Build configuration list for PBXNativeTarget "MRBaseController" */;
			buildPhases = (
				247700FA0722A3EBD33624FF /* [CP] Check Pods Manifest.lock */,
				670413791F049C84005BDF55 /* Sources */,
				6704137A1F049C84005BDF55 /* Frameworks */,
				6704137B1F049C84005BDF55 /* Resources */,
				33F39B29D0B2DE9B448B0075 /* [CP] Embed Pods Frameworks */,
				E11194A86DF1E520CBBFEF47 /* [CP] Copy Pods Resources */,
			);
			buildRules = (
			);
			dependencies = (
			);
			name = MRBaseController;
			productName = MRBaseController;
			productReference = 6704137D1F049C84005BDF55 /* MRBaseController.app */;
			productType = "com.apple.product-type.application";
		};
/* End PBXNativeTarget section */

/* Begin PBXProject section */
		670413751F049C84005BDF55 /* Project object */ = {
			isa = PBXProject;
			attributes = {
				LastUpgradeCheck = 0830;
				ORGANIZATIONNAME = MrXir;
				TargetAttributes = {
					6704137C1F049C84005BDF55 = {
						CreatedOnToolsVersion = 8.3.2;
						DevelopmentTeam = 4HXKSPK349;
						ProvisioningStyle = Automatic;
					};
				};
			};
			buildConfigurationList = 670413781F049C84005BDF55 /* Build configuration list for PBXProject "MRBaseController" */;
			compatibilityVersion = "Xcode 3.2";
			developmentRegion = English;
			hasScannedForEncodings = 0;
			knownRegions = (
				en,
				Base,
			);
			mainGroup = 670413741F049C84005BDF55;
			productRefGroup = 6704137E1F049C84005BDF55 /* Products */;
			projectDirPath = "";
			projectRoot = "";
			targets = (
				6704137C1F049C84005BDF55 /* MRBaseController */,
			);
		};
/* End PBXProject section */

/* Begin PBXResourcesBuildPhase section */
		6704137B1F049C84005BDF55 /* Resources */ = {
			isa = PBXResourcesBuildPhase;
			buildActionMask = 2147483647;
			files = (
				670413901F049C84005BDF55 /* LaunchScreen.storyboard in Resources */,
				677576A51F1380C300715F6B /* Home.storyboard in Resources */,
				6704138D1F049C84005BDF55 /* Assets.xcassets in Resources */,
				677576A31F137B2200715F6B /* MRBaseController.podspec in Resources */,
				6704138B1F049C84005BDF55 /* Main.storyboard in Resources */,
				677576A71F1380CC00715F6B /* Setting.storyboard in Resources */,
			);
			runOnlyForDeploymentPostprocessing = 0;
		};
/* End PBXResourcesBuildPhase section */

/* Begin PBXShellScriptBuildPhase section */
		247700FA0722A3EBD33624FF /* [CP] Check Pods Manifest.lock */ = {
			isa = PBXShellScriptBuildPhase;
			buildActionMask = 2147483647;
			files = (
			);
			inputPaths = (
			);
			name = "[CP] Check Pods Manifest.lock";
			outputPaths = (
			);
			runOnlyForDeploymentPostprocessing = 0;
			shellPath = /bin/sh;
			shellScript = "diff \"${PODS_PODFILE_DIR_PATH}/Podfile.lock\" \"${PODS_ROOT}/Manifest.lock\" > /dev/null\nif [ $? != 0 ] ; then\n    # print error to STDERR\n    echo \"error: The sandbox is not in sync with the Podfile.lock. Run 'pod install' or update your CocoaPods installation.\" >&2\n    exit 1\nfi\n";
			showEnvVarsInLog = 0;
		};
		33F39B29D0B2DE9B448B0075 /* [CP] Embed Pods Frameworks */ = {
			isa = PBXShellScriptBuildPhase;
			buildActionMask = 2147483647;
			files = (
			);
			inputPaths = (
			);
			name = "[CP] Embed Pods Frameworks";
			outputPaths = (
			);
			runOnlyForDeploymentPostprocessing = 0;
			shellPath = /bin/sh;
			shellScript = "\"${SRCROOT}/Pods/Target Support Files/Pods-MRBaseController/Pods-MRBaseController-frameworks.sh\"\n";
			showEnvVarsInLog = 0;
		};
		E11194A86DF1E520CBBFEF47 /* [CP] Copy Pods Resources */ = {
			isa = PBXShellScriptBuildPhase;
			buildActionMask = 2147483647;
			files = (
			);
			inputPaths = (
			);
			name = "[CP] Copy Pods Resources";
			outputPaths = (
			);
			runOnlyForDeploymentPostprocessing = 0;
			shellPath = /bin/sh;
			shellScript = "\"${SRCROOT}/Pods/Target Support Files/Pods-MRBaseController/Pods-MRBaseController-resources.sh\"\n";
			showEnvVarsInLog = 0;
		};
/* End PBXShellScriptBuildPhase section */

/* Begin PBXSourcesBuildPhase section */
		670413791F049C84005BDF55 /* Sources */ = {
			isa = PBXSourcesBuildPhase;
			buildActionMask = 2147483647;
			files = (
				677576A11F137A7F00715F6B /* RootViewController.m in Sources */,
				670413851F049C84005BDF55 /* AppDelegate.m in Sources */,
				677576981F13767B00715F6B /* MRBaseNavigationController.m in Sources */,
				6704139B1F049EEF005BDF55 /* MRBaseViewController.m in Sources */,
				670413821F049C84005BDF55 /* main.m in Sources */,
				6775769B1F1376AB00715F6B /* MRBaseTabBarController.m in Sources */,
				677576B21F13C70700715F6B /* MRBaseController.m in Sources */,
				677576BA1F13E5A300715F6B /* AboutUsViewController.m in Sources */,
				677576AA1F1380FF00715F6B /* HomeViewController.m in Sources */,
				677576AD1F13BCE400715F6B /* SettingViewController.m in Sources */,
				677576BD1F13E7A200715F6B /* SearchViewController.m in Sources */,
				677576B51F13D1F700715F6B /* MySettingViewController.m in Sources */,
			);
			runOnlyForDeploymentPostprocessing = 0;
		};
/* End PBXSourcesBuildPhase section */

/* Begin PBXVariantGroup section */
		670413891F049C84005BDF55 /* Main.storyboard */ = {
			isa = PBXVariantGroup;
			children = (
				6704138A1F049C84005BDF55 /* Base */,
			);
			name = Main.storyboard;
			sourceTree = "<group>";
		};
		6704138E1F049C84005BDF55 /* LaunchScreen.storyboard */ = {
			isa = PBXVariantGroup;
			children = (
				6704138F1F049C84005BDF55 /* Base */,
			);
			name = LaunchScreen.storyboard;
			sourceTree = "<group>";
		};
/* End PBXVariantGroup section */

/* Begin XCBuildConfiguration section */
		670413921F049C84005BDF55 /* Debug */ = {
			isa = XCBuildConfiguration;
			buildSettings = {
				ALWAYS_SEARCH_USER_PATHS = NO;
				CLANG_ANALYZER_NONNULL = YES;
				CLANG_ANALYZER_NUMBER_OBJECT_CONVERSION = YES_AGGRESSIVE;
				CLANG_CXX_LANGUAGE_STANDARD = "gnu++0x";
				CLANG_CXX_LIBRARY = "libc++";
				CLANG_ENABLE_MODULES = YES;
				CLANG_ENABLE_OBJC_ARC = YES;
				CLANG_WARN_BOOL_CONVERSION = YES;
				CLANG_WARN_CONSTANT_CONVERSION = YES;
				CLANG_WARN_DIRECT_OBJC_ISA_USAGE = YES_ERROR;
				CLANG_WARN_DOCUMENTATION_COMMENTS = YES;
				CLANG_WARN_EMPTY_BODY = YES;
				CLANG_WARN_ENUM_CONVERSION = YES;
				CLANG_WARN_INFINITE_RECURSION = YES;
				CLANG_WARN_INT_CONVERSION = YES;
				CLANG_WARN_OBJC_ROOT_CLASS = YES_ERROR;
				CLANG_WARN_SUSPICIOUS_MOVE = YES;
				CLANG_WARN_UNREACHABLE_CODE = YES;
				CLANG_WARN__DUPLICATE_METHOD_MATCH = YES;
				"CODE_SIGN_IDENTITY[sdk=iphoneos*]" = "iPhone Developer";
				COPY_PHASE_STRIP = NO;
				DEBUG_INFORMATION_FORMAT = dwarf;
				ENABLE_STRICT_OBJC_MSGSEND = YES;
				ENABLE_TESTABILITY = YES;
				GCC_C_LANGUAGE_STANDARD = gnu99;
				GCC_DYNAMIC_NO_PIC = NO;
				GCC_NO_COMMON_BLOCKS = YES;
				GCC_OPTIMIZATION_LEVEL = 0;
				GCC_PREPROCESSOR_DEFINITIONS = (
					"DEBUG=1",
					"$(inherited)",
				);
				GCC_WARN_64_TO_32_BIT_CONVERSION = YES;
				GCC_WARN_ABOUT_RETURN_TYPE = YES_ERROR;
				GCC_WARN_UNDECLARED_SELECTOR = YES;
				GCC_WARN_UNINITIALIZED_AUTOS = YES_AGGRESSIVE;
				GCC_WARN_UNUSED_FUNCTION = YES;
				GCC_WARN_UNUSED_VARIABLE = YES;
				IPHONEOS_DEPLOYMENT_TARGET = 10.3;
				MTL_ENABLE_DEBUG_INFO = YES;
				ONLY_ACTIVE_ARCH = YES;
				SDKROOT = iphoneos;
			};
			name = Debug;
		};
		670413931F049C84005BDF55 /* Release */ = {
			isa = XCBuildConfiguration;
			buildSettings = {
				ALWAYS_SEARCH_USER_PATHS = NO;
				CLANG_ANALYZER_NONNULL = YES;
				CLANG_ANALYZER_NUMBER_OBJECT_CONVERSION = YES_AGGRESSIVE;
				CLANG_CXX_LANGUAGE_STANDARD = "gnu++0x";
				CLANG_CXX_LIBRARY = "libc++";
				CLANG_ENABLE_MODULES = YES;
				CLANG_ENABLE_OBJC_ARC = YES;
				CLANG_WARN_BOOL_CONVERSION = YES;
				CLANG_WARN_CONSTANT_CONVERSION = YES;
				CLANG_WARN_DIRECT_OBJC_ISA_USAGE = YES_ERROR;
				CLANG_WARN_DOCUMENTATION_COMMENTS = YES;
				CLANG_WARN_EMPTY_BODY = YES;
				CLANG_WARN_ENUM_CONVERSION = YES;
				CLANG_WARN_INFINITE_RECURSION = YES;
				CLANG_WARN_INT_CONVERSION = YES;
				CLANG_WARN_OBJC_ROOT_CLASS = YES_ERROR;
				CLANG_WARN_SUSPICIOUS_MOVE = YES;
				CLANG_WARN_UNREACHABLE_CODE = YES;
				CLANG_WARN__DUPLICATE_METHOD_MATCH = YES;
				"CODE_SIGN_IDENTITY[sdk=iphoneos*]" = "iPhone Developer";
				COPY_PHASE_STRIP = NO;
				DEBUG_INFORMATION_FORMAT = "dwarf-with-dsym";
				ENABLE_NS_ASSERTIONS = NO;
				ENABLE_STRICT_OBJC_MSGSEND = YES;
				GCC_C_LANGUAGE_STANDARD = gnu99;
				GCC_NO_COMMON_BLOCKS = YES;
				GCC_WARN_64_TO_32_BIT_CONVERSION = YES;
				GCC_WARN_ABOUT_RETURN_TYPE = YES_ERROR;
				GCC_WARN_UNDECLARED_SELECTOR = YES;
				GCC_WARN_UNINITIALIZED_AUTOS = YES_AGGRESSIVE;
				GCC_WARN_UNUSED_FUNCTION = YES;
				GCC_WARN_UNUSED_VARIABLE = YES;
				IPHONEOS_DEPLOYMENT_TARGET = 10.3;
				MTL_ENABLE_DEBUG_INFO = NO;
				SDKROOT = iphoneos;
				VALIDATE_PRODUCT = YES;
			};
			name = Release;
		};
		670413951F049C84005BDF55 /* Debug */ = {
			isa = XCBuildConfiguration;
			baseConfigurationReference = 3C26B4C360C474225641A1CF /* Pods-MRBaseController.debug.xcconfig */;
			buildSettings = {
				ASSETCATALOG_COMPILER_APPICON_NAME = AppIcon;
				DEVELOPMENT_TEAM = 4HXKSPK349;
				INFOPLIST_FILE = MRBaseController/Info.plist;
				IPHONEOS_DEPLOYMENT_TARGET = 8.0;
				LD_RUNPATH_SEARCH_PATHS = "$(inherited) @executable_path/Frameworks";
				PRODUCT_BUNDLE_IDENTIFIER = com.mrxir.MRBaseController;
				PRODUCT_NAME = "$(TARGET_NAME)";
			};
			name = Debug;
		};
		670413961F049C84005BDF55 /* Release */ = {
			isa = XCBuildConfiguration;
			baseConfigurationReference = CD3743F8CD07F334FF73E839 /* Pods-MRBaseController.release.xcconfig */;
			buildSettings = {
				ASSETCATALOG_COMPILER_APPICON_NAME = AppIcon;
				DEVELOPMENT_TEAM = 4HXKSPK349;
				INFOPLIST_FILE = MRBaseController/Info.plist;
				IPHONEOS_DEPLOYMENT_TARGET = 8.0;
				LD_RUNPATH_SEARCH_PATHS = "$(inherited) @executable_path/Frameworks";
				PRODUCT_BUNDLE_IDENTIFIER = com.mrxir.MRBaseController;
				PRODUCT_NAME = "$(TARGET_NAME)";
			};
			name = Release;
		};
/* End XCBuildConfiguration section */

/* Begin XCConfigurationList section */
		670413781F049C84005BDF55 /* Build configuration list for PBXProject "MRBaseController" */ = {
			isa = XCConfigurationList;
			buildConfigurations = (
				670413921F049C84005BDF55 /* Debug */,
				670413931F049C84005BDF55 /* Release */,
			);
			defaultConfigurationIsVisible = 0;
			defaultConfigurationName = Release;
		};
		670413941F049C84005BDF55 /* Build configuration list for PBXNativeTarget "MRBaseController" */ = {
			isa = XCConfigurationList;
			buildConfigurations = (
				670413951F049C84005BDF55 /* Debug */,
				670413961F049C84005BDF55 /* Release */,
			);
			defaultConfigurationIsVisible = 0;
			defaultConfigurationName = Release;
		};
/* End XCConfigurationList section */
	};
	rootObject = 670413751F049C84005BDF55 /* Project object */;
}
